# THIS IS AN AUTOGENERATED FILE. DO NOT EDIT THIS FILE DIRECTLY.
# yarn lockfile v1


"@ronomon/queue@^3.0.0":
  version "3.0.0"
  resolved "https://registry.yarnpkg.com/@ronomon/queue/-/queue-3.0.0.tgz#3dd632ebc87759506af4371ec3ae7f1964ee89e5"

nan@^2.8.0:
  version "2.10.0"
  resolved "https://registry.yarnpkg.com/nan/-/nan-2.10.0.tgz#96d0cd610ebd58d4b4de9cc0c6828cda99c7548f"
